
Microsoft Visual Studio Solution File, Format Version 12.00
# Visual Studio Version 16
VisualStudioVersion = 16.0.30907.101
MinimumVisualStudioVersion = 10.0.40219.1
Project("{FAE04EC0-301F-11D3-BF4B-00C04F79EFBC}") = "CertificateCreator", "Tools\CertificateCreator\CertificateCreator.csproj", "{C9216360-62CA-47F7-BA64-9459EEB73453}"
EndProject
Project("{2150E333-8FDC-42A3-9474-1A3956D46DE8}") = "Features", "Features", "{16B06867-38E8-4878-B1D9-2E12EBCC7E5D}"
EndProject
Project("{2150E333-8FDC-42A3-9474-1A3956D46DE8}") = "Tools", "Tools", "{0075A61F-BA9D-46E2-94D6-31016B6F212E}"
EndProject
Project("{FAE04EC0-301F-11D3-BF4B-00C04F79EFBC}") = "KeyDatabaseGenerator", "Tools\KeyDatabaseGenerator\KeyDatabaseGenerator.csproj", "{72F3D63D-5F39-43C2-A40E-FCCE428ED52C}"
EndProject
Project("{FAE04EC0-301F-11D3-BF4B-00C04F79EFBC}") = "PluginCreator", "Tools\PluginCreator\PluginCreator.csproj", "{6809009E-DEEE-4ED4-8968-925D044A8895}"
EndProject
Project("{FAE04EC0-301F-11D3-BF4B-00C04F79EFBC}") = "GenerateHardwareId", "Tools\GenerateHardwareId\GenerateHardwareId.csproj", "{2BD0B8DB-D97D-4A1D-BE32-70FB6346F9CB}"
EndProject
Project("{FAE04EC0-301F-11D3-BF4B-00C04F79EFBC}") = "BlueScreenTrigger", "Features\BlueScreenTrigger\BlueScreenTrigger.csproj", "{693253FC-644F-4B3E-BFD4-99162622CEDE}"
EndProject
Project("{2150E333-8FDC-42A3-9474-1A3956D46DE8}") = "Test", "Test", "{0AE7EE86-2F80-46DB-B1DB-4D526FF64069}"
EndProject
Project("{FAE04EC0-301F-11D3-BF4B-00C04F79EFBC}") = "ServerStressTest", "Test\ServerStressTest\ServerStressTest.csproj", "{E1CC23CC-242A-4882-9817-73BC68052919}"
EndProject
Project("{FAE04EC0-301F-11D3-BF4B-00C04F79EFBC}") = "PluginIdGenerator", "Tools\PluginIdGenerator\PluginIdGenerator.csproj", "{D50E83CB-C699-4051-BDD2-346772C194EC}"
EndProject
Project("{FAE04EC0-301F-11D3-BF4B-00C04F79EFBC}") = "ProcessStarter", "Features\ProcessStarter\ProcessStarter.csproj", "{2D2C8E81-A36A-4FC3-8714-DDD0B9FA69E0}"
EndProject
Project("{FAE04EC0-301F-11D3-BF4B-00C04F79EFBC}") = "Orcus", "Orcus\Orcus.csproj", "{3601A898-0FE1-4710-AC30-2E6C417F46BD}"
	ProjectSection(ProjectDependencies) = postProject
		{3DCB5D42-3BC9-4D46-8BCF-4D3225C266D5} = {3DCB5D42-3BC9-4D46-8BCF-4D3225C266D5}
		{2D2C8E81-A36A-4FC3-8714-DDD0B9FA69E0} = {2D2C8E81-A36A-4FC3-8714-DDD0B9FA69E0}
		{2A34F2E9-77EE-48FE-9315-979980E6FBEB} = {2A34F2E9-77EE-48FE-9315-979980E6FBEB}
		{693253FC-644F-4B3E-BFD4-99162622CEDE} = {693253FC-644F-4B3E-BFD4-99162622CEDE}
	EndProjectSection
EndProject
Project("{FAE04EC0-301F-11D3-BF4B-00C04F79EFBC}") = "Orcus.Administration.Commands", "Orcus.Administration.Commands\Orcus.Administration.Commands.csproj", "{917798E0-C646-4616-B6ED-5A2D2AC87FF6}"
EndProject
Project("{FAE04EC0-301F-11D3-BF4B-00C04F79EFBC}") = "Orcus.Administration.Plugins", "Orcus.Administration.Plugins\Orcus.Administration.Plugins.csproj", "{BEE3B0EA-ABAE-43F3-A377-763E1A28C967}"
EndProject
Project("{FAE04EC0-301F-11D3-BF4B-00C04F79EFBC}") = "Orcus.Plugins", "Orcus.Plugins\Orcus.Plugins.csproj", "{0D743E5D-0D5F-4B9B-B2DF-1F607B5031C4}"
EndProject
Project("{FAE04EC0-301F-11D3-BF4B-00C04F79EFBC}") = "Orcus.Server", "Orcus.Server\Orcus.Server.csproj", "{FF39E5C7-BE31-4FE5-A8D4-75D7A070EBF5}"
EndProject
Project("{FAE04EC0-301F-11D3-BF4B-00C04F79EFBC}") = "Orcus.Server.CommandLine", "Orcus.Server.CommandLine\Orcus.Server.CommandLine.csproj", "{F751890E-70E3-4719-80C6-ABD488FFB6A3}"
EndProject
Project("{FAE04EC0-301F-11D3-BF4B-00C04F79EFBC}") = "Orcus.Server.Core", "Orcus.Server.Core\Orcus.Server.Core.csproj", "{22A5FD1C-9517-4989-9044-9338B440F2C9}"
EndProject
Project("{FAE04EC0-301F-11D3-BF4B-00C04F79EFBC}") = "Orcus.Shared", "Orcus.Shared\Orcus.Shared.csproj", "{4030F3BD-8F20-483B-B87B-C1BE34DBEBFC}"
EndProject
Project("{FAE04EC0-301F-11D3-BF4B-00C04F79EFBC}") = "Orcus.Shared.Utilities", "Orcus.Shared.Utilities\Orcus.Shared.Utilities.csproj", "{E23E8C6F-6F71-4954-8A42-FBA873B86E5E}"
EndProject
Project("{FAE04EC0-301F-11D3-BF4B-00C04F79EFBC}") = "Orcus.Test", "Orcus.Test\Orcus.Test.csproj", "{9D1369E0-5232-4B1F-91C7-4404619B6D0A}"
EndProject
Project("{FAE04EC0-301F-11D3-BF4B-00C04F79EFBC}") = "RsaKeyPairGenerator", "Tools\RsaKeyPairGenerator\RsaKeyPairGenerator.csproj", "{7A29570A-8D35-4B30-9D59-0AE2BDADF88F}"
EndProject
Project("{FAE04EC0-301F-11D3-BF4B-00C04F79EFBC}") = "AudioPackBuilder", "Tools\AudioPackBuilder\AudioPackBuilder.csproj", "{C3E8E5E9-CB59-4F32-80FE-40B4E05B0091}"
EndProject
Project("{FAE04EC0-301F-11D3-BF4B-00C04F79EFBC}") = "AudioPackBuilder.Plugin", "Tools\AudioPackBuilder.Plugin\AudioPackBuilder.Plugin.csproj", "{A15C8D9B-5E96-4AC4-9CFF-D9596B7ECAA6}"
EndProject
Project("{2150E333-8FDC-42A3-9474-1A3956D46DE8}") = "Business", "Business", "{257A13B4-D3A1-4B6B-A2D1-B53676585D8D}"
EndProject
Project("{FAE04EC0-301F-11D3-BF4B-00C04F79EFBC}") = "Orcus.Business.Server", "Business\Orcus.Business.Server\Orcus.Business.Server.csproj", "{C9A29891-2F05-4D5D-AE93-01826A599082}"
EndProject
Project("{FAE04EC0-301F-11D3-BF4B-00C04F79EFBC}") = "HardwareIdDecryptor", "Business\HardwareIdDecryptor\HardwareIdDecryptor.csproj", "{23A045AC-A8D3-4A5B-884B-60D80DF24B8C}"
EndProject
Project("{FAE04EC0-301F-11D3-BF4B-00C04F79EFBC}") = "Orcus.Service", "Features\Orcus.Service\Orcus.Service.csproj", "{2A34F2E9-77EE-48FE-9315-979980E6FBEB}"
EndProject
Project("{FAE04EC0-301F-11D3-BF4B-00C04F79EFBC}") = "Sorzus.Wpf.Toolkit", "Sorzus.Wpf.Toolkit\Sorzus.Wpf.Toolkit.csproj", "{BF0E0718-3E64-4246-A17F-594DCF19EDFC}"
EndProject
Project("{FAE04EC0-301F-11D3-BF4B-00C04F79EFBC}") = "OrcusPluginStudio", "Tools\OrcusPluginStudio\OrcusPluginStudio.csproj", "{46180263-0BAB-4292-A405-7686A2104F62}"
EndProject
Project("{FAE04EC0-301F-11D3-BF4B-00C04F79EFBC}") = "Orcus.Business.Manager", "Business\Orcus.Business.Manager\Orcus.Business.Manager.csproj", "{2A0AB830-DD61-403F-819F-23DB682143CB}"
EndProject
Project("{FAE04EC0-301F-11D3-BF4B-00C04F79EFBC}") = "LanguageResourceCleaner", "Tools\LanguageResourceCleaner\LanguageResourceCleaner.csproj", "{7F795D97-1780-443F-8B2B-38659BD2A57C}"
EndProject
Project("{FAE04EC0-301F-11D3-BF4B-00C04F79EFBC}") = "LanguageResourceComparer", "Tools\LanguageResourceComparer\LanguageResourceComparer.csproj", "{6190D37B-68A2-40FA-A7E9-7AB318FE81E3}"
EndProject
Project("{FAE04EC0-301F-11D3-BF4B-00C04F79EFBC}") = "Orcus.Golem", "Features\Orcus.Golem\Orcus.Golem.csproj", "{3DCB5D42-3BC9-4D46-8BCF-4D3225C266D5}"
EndProject
Project("{FAE04EC0-301F-11D3-BF4B-00C04F79EFBC}") = "EmergencyShutdown", "Business\EmergencyShutdown\EmergencyShutdown.csproj", "{B278BD5A-BA4C-4FD0-BA75-3D141AA6E580}"
EndProject
Project("{2150E333-8FDC-42A3-9474-1A3956D46DE8}") = "PluginManagement", "PluginManagement", "{A370781A-270C-45AF-AE02-19C23E2D1433}"
EndProject
Project("{FAE04EC0-301F-11D3-BF4B-00C04F79EFBC}") = "NextIdCalculator", "PluginManagement\NextIdCalculator\NextIdCalculator.csproj", "{394CF032-5C6E-47F8-9EAF-683C492D8347}"
EndProject
Project("{FAE04EC0-301F-11D3-BF4B-00C04F79EFBC}") = "PluginLibraryUpdater", "PluginManagement\PluginLibraryUpdater\PluginLibraryUpdater.csproj", "{4D60897D-6DD8-430E-972B-0DA3592CCD9B}"
EndProject
Project("{2150E333-8FDC-42A3-9474-1A3956D46DE8}") = "Libraries", "Libraries", "{5228B6C6-4349-4E74-84B3-55A802D5AAD1}"
EndProject
Project("{FAE04EC0-301F-11D3-BF4B-00C04F79EFBC}") = "DirectoryInfoEx", "Libraries\DirectoryInfoEx\DirectoryInfoEx.csproj", "{09DF5A9A-989E-410C-BA72-5A94CF481E57}"
EndProject
Project("{FAE04EC0-301F-11D3-BF4B-00C04F79EFBC}") = "ShellLibrary", "Libraries\ShellLibrary\ShellLibrary.csproj", "{9C3372D3-D5E1-4D95-A0CB-CD8FDAB3131D}"
EndProject
Project("{FAE04EC0-301F-11D3-BF4B-00C04F79EFBC}") = "Orcus.StaticCommands", "Orcus.StaticCommands\Orcus.StaticCommands.csproj", "{8A420D43-C212-4981-8DF1-EED79FDEA1CF}"
EndProject
Project("{FAE04EC0-301F-11D3-BF4B-00C04F79EFBC}") = "Orcus.Administration.Core", "Orcus.Administration.Core\Orcus.Administration.Core.csproj", "{6AE72A9E-2F67-4F4D-8D63-7E617F15FBD3}"
EndProject
Project("{FAE04EC0-301F-11D3-BF4B-00C04F79EFBC}") = "Orcus.Administration", "Orcus.Administration\Orcus.Administration.csproj", "{93F3F44C-C74B-474E-B5D0-58C02D786133}"
EndProject
Project("{FAE04EC0-301F-11D3-BF4B-00C04F79EFBC}") = "Orcus.Administration.Resources", "Orcus.Administration.Resources\Orcus.Administration.Resources.csproj", "{EDAB83B6-1C32-401F-B241-B065156CBBA9}"
	ProjectSection(ProjectDependencies) = postProject
		{F751890E-70E3-4719-80C6-ABD488FFB6A3} = {F751890E-70E3-4719-80C6-ABD488FFB6A3}
		{3DCB5D42-3BC9-4D46-8BCF-4D3225C266D5} = {3DCB5D42-3BC9-4D46-8BCF-4D3225C266D5}
		{3601A898-0FE1-4710-AC30-2E6C417F46BD} = {3601A898-0FE1-4710-AC30-2E6C417F46BD}
		{FF39E5C7-BE31-4FE5-A8D4-75D7A070EBF5} = {FF39E5C7-BE31-4FE5-A8D4-75D7A070EBF5}
		{2A34F2E9-77EE-48FE-9315-979980E6FBEB} = {2A34F2E9-77EE-48FE-9315-979980E6FBEB}
	EndProjectSection
EndProject
Project("{FAE04EC0-301F-11D3-BF4B-00C04F79EFBC}") = "Orcus.Administration.FileExplorer", "Libraries\Orcus.Administration.FileExplorer\Orcus.Administration.FileExplorer.csproj", "{AF618573-17DF-46CB-9279-1DD55FBD3132}"
EndProject
Project("{FAE04EC0-301F-11D3-BF4B-00C04F79EFBC}") = "OrcusKeyChecker", "Business\OrcusKeyChecker\OrcusKeyChecker.csproj", "{E82D2B7B-F79B-4F96-91EA-187C80104E0B}"
EndProject
Project("{FAE04EC0-301F-11D3-BF4B-00C04F79EFBC}") = "Orcus.Administration.ViewModels", "Orcus.Administration.ViewModels\Orcus.Administration.ViewModels.csproj", "{8D7E5EB0-C382-4287-837F-7A41A9D6915B}"
EndProject
Project("{FAE04EC0-301F-11D3-BF4B-00C04F79EFBC}") = "SettingsDecrypter", "Business\SettingsDecrypter\SettingsDecrypter.csproj", "{8F4DBB31-EDC7-4843-B4D6-E76CC45D2BB6}"
EndProject
Project("{FAE04EC0-301F-11D3-BF4B-00C04F79EFBC}") = "StreamCodecTest", "Test\StreamCodecTest\StreamCodecTest.csproj", "{69D75580-F63E-4E46-9E0D-F4171029A2FD}"
EndProject
Project("{FAE04EC0-301F-11D3-BF4B-00C04F79EFBC}") = "OpusWrapper", "Libraries\OpusWrapper\OpusWrapper.csproj", "{F07D69A2-8847-4ADE-B9C6-05345CC8ED5B}"
EndProject
Project("{FAE04EC0-301F-11D3-BF4B-00C04F79EFBC}") = "SettingsDecryption", "Business\SettingsDecryption\SettingsDecryption.csproj", "{A4A94408-2A1A-48FD-972D-023B98A1B8C8}"
EndProject
Global
	GlobalSection(SolutionConfigurationPlatforms) = preSolution
		Debug|Any CPU = Debug|Any CPU
		Debug|x86 = Debug|x86
		Publish|Any CPU = Publish|Any CPU
		Publish|x86 = Publish|x86
		Release|Any CPU = Release|Any CPU
		Release|x86 = Release|x86
	EndGlobalSection
	GlobalSection(ProjectConfigurationPlatforms) = postSolution
		{C9216360-62CA-47F7-BA64-9459EEB73453}.Debug|Any CPU.ActiveCfg = Debug|Any CPU
		{C9216360-62CA-47F7-BA64-9459EEB73453}.Debug|Any CPU.Build.0 = Debug|Any CPU
		{C9216360-62CA-47F7-BA64-9459EEB73453}.Debug|x86.ActiveCfg = Debug|Any CPU
		{C9216360-62CA-47F7-BA64-9459EEB73453}.Debug|x86.Build.0 = Debug|Any CPU
		{C9216360-62CA-47F7-BA64-9459EEB73453}.Publish|Any CPU.ActiveCfg = Release|Any CPU
		{C9216360-62CA-47F7-BA64-9459EEB73453}.Publish|Any CPU.Build.0 = Release|Any CPU
		{C9216360-62CA-47F7-BA64-9459EEB73453}.Publish|x86.ActiveCfg = Release|Any CPU
		{C9216360-62CA-47F7-BA64-9459EEB73453}.Publish|x86.Build.0 = Release|Any CPU
		{C9216360-62CA-47F7-BA64-9459EEB73453}.Release|Any CPU.ActiveCfg = Release|Any CPU
		{C9216360-62CA-47F7-BA64-9459EEB73453}.Release|Any CPU.Build.0 = Release|Any CPU
		{C9216360-62CA-47F7-BA64-9459EEB73453}.Release|x86.ActiveCfg = Release|Any CPU
		{C9216360-62CA-47F7-BA64-9459EEB73453}.Release|x86.Build.0 = Release|Any CPU
		{72F3D63D-5F39-43C2-A40E-FCCE428ED52C}.Debug|Any CPU.ActiveCfg = Debug|Any CPU
		{72F3D63D-5F39-43C2-A40E-FCCE428ED52C}.Debug|Any CPU.Build.0 = Debug|Any CPU
		{72F3D63D-5F39-43C2-A40E-FCCE428ED52C}.Debug|x86.ActiveCfg = Debug|Any CPU
		{72F3D63D-5F39-43C2-A40E-FCCE428ED52C}.Debug|x86.Build.0 = Debug|Any CPU
		{72F3D63D-5F39-43C2-A40E-FCCE428ED52C}.Publish|Any CPU.ActiveCfg = Release|Any CPU
		{72F3D63D-5F39-43C2-A40E-FCCE428ED52C}.Publish|Any CPU.Build.0 = Release|Any CPU
		{72F3D63D-5F39-43C2-A40E-FCCE428ED52C}.Publish|x86.ActiveCfg = Release|Any CPU
		{72F3D63D-5F39-43C2-A40E-FCCE428ED52C}.Publish|x86.Build.0 = Release|Any CPU
		{72F3D63D-5F39-43C2-A40E-FCCE428ED52C}.Release|Any CPU.ActiveCfg = Release|Any CPU
		{72F3D63D-5F39-43C2-A40E-FCCE428ED52C}.Release|Any CPU.Build.0 = Release|Any CPU
		{72F3D63D-5F39-43C2-A40E-FCCE428ED52C}.Release|x86.ActiveCfg = Release|Any CPU
		{72F3D63D-5F39-43C2-A40E-FCCE428ED52C}.Release|x86.Build.0 = Release|Any CPU
		{6809009E-DEEE-4ED4-8968-925D044A8895}.Debug|Any CPU.ActiveCfg = Debug|Any CPU
		{6809009E-DEEE-4ED4-8968-925D044A8895}.Debug|Any CPU.Build.0 = Debug|Any CPU
		{6809009E-DEEE-4ED4-8968-925D044A8895}.Debug|x86.ActiveCfg = Debug|Any CPU
		{6809009E-DEEE-4ED4-8968-925D044A8895}.Debug|x86.Build.0 = Debug|Any CPU
		{6809009E-DEEE-4ED4-8968-925D044A8895}.Publish|Any CPU.ActiveCfg = Release|Any CPU
		{6809009E-DEEE-4ED4-8968-925D044A8895}.Publish|Any CPU.Build.0 = Release|Any CPU
		{6809009E-DEEE-4ED4-8968-925D044A8895}.Publish|x86.ActiveCfg = Release|Any CPU
		{6809009E-DEEE-4ED4-8968-925D044A8895}.Publish|x86.Build.0 = Release|Any CPU
		{6809009E-DEEE-4ED4-8968-925D044A8895}.Release|Any CPU.ActiveCfg = Release|Any CPU
		{6809009E-DEEE-4ED4-8968-925D044A8895}.Release|Any CPU.Build.0 = Release|Any CPU
		{6809009E-DEEE-4ED4-8968-925D044A8895}.Release|x86.ActiveCfg = Release|Any CPU
		{6809009E-DEEE-4ED4-8968-925D044A8895}.Release|x86.Build.0 = Release|Any CPU
		{2BD0B8DB-D97D-4A1D-BE32-70FB6346F9CB}.Debug|Any CPU.ActiveCfg = Debug|Any CPU
		{2BD0B8DB-D97D-4A1D-BE32-70FB6346F9CB}.Debug|Any CPU.Build.0 = Debug|Any CPU
		{2BD0B8DB-D97D-4A1D-BE32-70FB6346F9CB}.Debug|x86.ActiveCfg = Debug|Any CPU
		{2BD0B8DB-D97D-4A1D-BE32-70FB6346F9CB}.Debug|x86.Build.0 = Debug|Any CPU
		{2BD0B8DB-D97D-4A1D-BE32-70FB6346F9CB}.Publish|Any CPU.ActiveCfg = Release|Any CPU
		{2BD0B8DB-D97D-4A1D-BE32-70FB6346F9CB}.Publish|Any CPU.Build.0 = Release|Any CPU
		{2BD0B8DB-D97D-4A1D-BE32-70FB6346F9CB}.Publish|x86.ActiveCfg = Release|Any CPU
		{2BD0B8DB-D97D-4A1D-BE32-70FB6346F9CB}.Publish|x86.Build.0 = Release|Any CPU
		{2BD0B8DB-D97D-4A1D-BE32-70FB6346F9CB}.Release|Any CPU.ActiveCfg = Release|Any CPU
		{2BD0B8DB-D97D-4A1D-BE32-70FB6346F9CB}.Release|Any CPU.Build.0 = Release|Any CPU
		{2BD0B8DB-D97D-4A1D-BE32-70FB6346F9CB}.Release|x86.ActiveCfg = Release|Any CPU
		{2BD0B8DB-D97D-4A1D-BE32-70FB6346F9CB}.Release|x86.Build.0 = Release|Any CPU
		{693253FC-644F-4B3E-BFD4-99162622CEDE}.Debug|Any CPU.ActiveCfg = Debug|Any CPU
		{693253FC-644F-4B3E-BFD4-99162622CEDE}.Debug|Any CPU.Build.0 = Debug|Any CPU
		{693253FC-644F-4B3E-BFD4-99162622CEDE}.Debug|x86.ActiveCfg = Debug|Any CPU
		{693253FC-644F-4B3E-BFD4-99162622CEDE}.Debug|x86.Build.0 = Debug|Any CPU
		{693253FC-644F-4B3E-BFD4-99162622CEDE}.Publish|Any CPU.ActiveCfg = Release|Any CPU
		{693253FC-644F-4B3E-BFD4-99162622CEDE}.Publish|Any CPU.Build.0 = Release|Any CPU
		{693253FC-644F-4B3E-BFD4-99162622CEDE}.Publish|x86.ActiveCfg = Release|Any CPU
		{693253FC-644F-4B3E-BFD4-99162622CEDE}.Publish|x86.Build.0 = Release|Any CPU
		{693253FC-644F-4B3E-BFD4-99162622CEDE}.Release|Any CPU.ActiveCfg = Release|Any CPU
		{693253FC-644F-4B3E-BFD4-99162622CEDE}.Release|Any CPU.Build.0 = Release|Any CPU
		{693253FC-644F-4B3E-BFD4-99162622CEDE}.Release|x86.ActiveCfg = Release|Any CPU
		{693253FC-644F-4B3E-BFD4-99162622CEDE}.Release|x86.Build.0 = Release|Any CPU
		{E1CC23CC-242A-4882-9817-73BC68052919}.Debug|Any CPU.ActiveCfg = Debug|Any CPU
		{E1CC23CC-242A-4882-9817-73BC68052919}.Debug|Any CPU.Build.0 = Debug|Any CPU
		{E1CC23CC-242A-4882-9817-73BC68052919}.Debug|x86.ActiveCfg = Debug|Any CPU
		{E1CC23CC-242A-4882-9817-73BC68052919}.Debug|x86.Build.0 = Debug|Any CPU
		{E1CC23CC-242A-4882-9817-73BC68052919}.Publish|Any CPU.ActiveCfg = Release|Any CPU
		{E1CC23CC-242A-4882-9817-73BC68052919}.Publish|Any CPU.Build.0 = Release|Any CPU
		{E1CC23CC-242A-4882-9817-73BC68052919}.Publish|x86.ActiveCfg = Release|Any CPU
		{E1CC23CC-242A-4882-9817-73BC68052919}.Publish|x86.Build.0 = Release|Any CPU
		{E1CC23CC-242A-4882-9817-73BC68052919}.Release|Any CPU.ActiveCfg = Release|Any CPU
		{E1CC23CC-242A-4882-9817-73BC68052919}.Release|Any CPU.Build.0 = Release|Any CPU
		{E1CC23CC-242A-4882-9817-73BC68052919}.Release|x86.ActiveCfg = Release|Any CPU
		{E1CC23CC-242A-4882-9817-73BC68052919}.Release|x86.Build.0 = Release|Any CPU
		{D50E83CB-C699-4051-BDD2-346772C194EC}.Debug|Any CPU.ActiveCfg = Debug|Any CPU
		{D50E83CB-C699-4051-BDD2-346772C194EC}.Debug|Any CPU.Build.0 = Debug|Any CPU
		{D50E83CB-C699-4051-BDD2-346772C194EC}.Debug|x86.ActiveCfg = Debug|Any CPU
		{D50E83CB-C699-4051-BDD2-346772C194EC}.Debug|x86.Build.0 = Debug|Any CPU
		{D50E83CB-C699-4051-BDD2-346772C194EC}.Publish|Any CPU.ActiveCfg = Release|Any CPU
		{D50E83CB-C699-4051-BDD2-346772C194EC}.Publish|Any CPU.Build.0 = Release|Any CPU
		{D50E83CB-C699-4051-BDD2-346772C194EC}.Publish|x86.ActiveCfg = Release|Any CPU
		{D50E83CB-C699-4051-BDD2-346772C194EC}.Publish|x86.Build.0 = Release|Any CPU
		{D50E83CB-C699-4051-BDD2-346772C194EC}.Release|Any CPU.ActiveCfg = Release|Any CPU
		{D50E83CB-C699-4051-BDD2-346772C194EC}.Release|Any CPU.Build.0 = Release|Any CPU
		{D50E83CB-C699-4051-BDD2-346772C194EC}.Release|x86.ActiveCfg = Release|Any CPU
		{D50E83CB-C699-4051-BDD2-346772C194EC}.Release|x86.Build.0 = Release|Any CPU
		{2D2C8E81-A36A-4FC3-8714-DDD0B9FA69E0}.Debug|Any CPU.ActiveCfg = Debug|Any CPU
		{2D2C8E81-A36A-4FC3-8714-DDD0B9FA69E0}.Debug|Any CPU.Build.0 = Debug|Any CPU
		{2D2C8E81-A36A-4FC3-8714-DDD0B9FA69E0}.Debug|x86.ActiveCfg = Debug|Any CPU
		{2D2C8E81-A36A-4FC3-8714-DDD0B9FA69E0}.Debug|x86.Build.0 = Debug|Any CPU
		{2D2C8E81-A36A-4FC3-8714-DDD0B9FA69E0}.Publish|Any CPU.ActiveCfg = Release|Any CPU
		{2D2C8E81-A36A-4FC3-8714-DDD0B9FA69E0}.Publish|Any CPU.Build.0 = Release|Any CPU
		{2D2C8E81-A36A-4FC3-8714-DDD0B9FA69E0}.Publish|x86.ActiveCfg = Release|Any CPU
		{2D2C8E81-A36A-4FC3-8714-DDD0B9FA69E0}.Publish|x86.Build.0 = Release|Any CPU
		{2D2C8E81-A36A-4FC3-8714-DDD0B9FA69E0}.Release|Any CPU.ActiveCfg = Release|Any CPU
		{2D2C8E81-A36A-4FC3-8714-DDD0B9FA69E0}.Release|Any CPU.Build.0 = Release|Any CPU
		{2D2C8E81-A36A-4FC3-8714-DDD0B9FA69E0}.Release|x86.ActiveCfg = Release|Any CPU
		{2D2C8E81-A36A-4FC3-8714-DDD0B9FA69E0}.Release|x86.Build.0 = Release|Any CPU
		{3601A898-0FE1-4710-AC30-2E6C417F46BD}.Debug|Any CPU.ActiveCfg = Debug|Any CPU
		{3601A898-0FE1-4710-AC30-2E6C417F46BD}.Debug|Any CPU.Build.0 = Debug|Any CPU
		{3601A898-0FE1-4710-AC30-2E6C417F46BD}.Debug|x86.ActiveCfg = Debug|Any CPU
		{3601A898-0FE1-4710-AC30-2E6C417F46BD}.Debug|x86.Build.0 = Debug|Any CPU
		{3601A898-0FE1-4710-AC30-2E6C417F46BD}.Publish|Any CPU.ActiveCfg = Release|Any CPU
		{3601A898-0FE1-4710-AC30-2E6C417F46BD}.Publish|Any CPU.Build.0 = Release|Any CPU
		{3601A898-0FE1-4710-AC30-2E6C417F46BD}.Publish|x86.ActiveCfg = Release|Any CPU
		{3601A898-0FE1-4710-AC30-2E6C417F46BD}.Publish|x86.Build.0 = Release|Any CPU
		{3601A898-0FE1-4710-AC30-2E6C417F46BD}.Release|Any CPU.ActiveCfg = Release|Any CPU
		{3601A898-0FE1-4710-AC30-2E6C417F46BD}.Release|Any CPU.Build.0 = Release|Any CPU
		{3601A898-0FE1-4710-AC30-2E6C417F46BD}.Release|x86.ActiveCfg = Release|Any CPU
		{3601A898-0FE1-4710-AC30-2E6C417F46BD}.Release|x86.Build.0 = Release|Any CPU
		{917798E0-C646-4616-B6ED-5A2D2AC87FF6}.Debug|Any CPU.ActiveCfg = Debug|Any CPU
		{917798E0-C646-4616-B6ED-5A2D2AC87FF6}.Debug|Any CPU.Build.0 = Debug|Any CPU
		{917798E0-C646-4616-B6ED-5A2D2AC87FF6}.Debug|x86.ActiveCfg = Debug|Any CPU
		{917798E0-C646-4616-B6ED-5A2D2AC87FF6}.Debug|x86.Build.0 = Debug|Any CPU
		{917798E0-C646-4616-B6ED-5A2D2AC87FF6}.Publish|Any CPU.ActiveCfg = Release|Any CPU
		{917798E0-C646-4616-B6ED-5A2D2AC87FF6}.Publish|Any CPU.Build.0 = Release|Any CPU
		{917798E0-C646-4616-B6ED-5A2D2AC87FF6}.Publish|x86.ActiveCfg = Release|Any CPU
		{917798E0-C646-4616-B6ED-5A2D2AC87FF6}.Publish|x86.Build.0 = Release|Any CPU
		{917798E0-C646-4616-B6ED-5A2D2AC87FF6}.Release|Any CPU.ActiveCfg = Release|Any CPU
		{917798E0-C646-4616-B6ED-5A2D2AC87FF6}.Release|Any CPU.Build.0 = Release|Any CPU
		{917798E0-C646-4616-B6ED-5A2D2AC87FF6}.Release|x86.ActiveCfg = Release|Any CPU
		{917798E0-C646-4616-B6ED-5A2D2AC87FF6}.Release|x86.Build.0 = Release|Any CPU
		{BEE3B0EA-ABAE-43F3-A377-763E1A28C967}.Debug|Any CPU.ActiveCfg = Debug|Any CPU
		{BEE3B0EA-ABAE-43F3-A377-763E1A28C967}.Debug|Any CPU.Build.0 = Debug|Any CPU
		{BEE3B0EA-ABAE-43F3-A377-763E1A28C967}.Debug|x86.ActiveCfg = Debug|Any CPU
		{BEE3B0EA-ABAE-43F3-A377-763E1A28C967}.Debug|x86.Build.0 = Debug|Any CPU
		{BEE3B0EA-ABAE-43F3-A377-763E1A28C967}.Publish|Any CPU.ActiveCfg = Release|Any CPU
		{BEE3B0EA-ABAE-43F3-A377-763E1A28C967}.Publish|Any CPU.Build.0 = Release|Any CPU
		{BEE3B0EA-ABAE-43F3-A377-763E1A28C967}.Publish|x86.ActiveCfg = Release|Any CPU
		{BEE3B0EA-ABAE-43F3-A377-763E1A28C967}.Publish|x86.Build.0 = Release|Any CPU
		{BEE3B0EA-ABAE-43F3-A377-763E1A28C967}.Release|Any CPU.ActiveCfg = Release|Any CPU
		{BEE3B0EA-ABAE-43F3-A377-763E1A28C967}.Release|Any CPU.Build.0 = Release|Any CPU
		{BEE3B0EA-ABAE-43F3-A377-763E1A28C967}.Release|x86.ActiveCfg = Release|Any CPU
		{BEE3B0EA-ABAE-43F3-A377-763E1A28C967}.Release|x86.Build.0 = Release|Any CPU
		{0D743E5D-0D5F-4B9B-B2DF-1F607B5031C4}.Debug|Any CPU.ActiveCfg = Debug|Any CPU
		{0D743E5D-0D5F-4B9B-B2DF-1F607B5031C4}.Debug|Any CPU.Build.0 = Debug|Any CPU
		{0D743E5D-0D5F-4B9B-B2DF-1F607B5031C4}.Debug|x86.ActiveCfg = Debug|Any CPU
		{0D743E5D-0D5F-4B9B-B2DF-1F607B5031C4}.Debug|x86.Build.0 = Debug|Any CPU
		{0D743E5D-0D5F-4B9B-B2DF-1F607B5031C4}.Publish|Any CPU.ActiveCfg = Release|Any CPU
		{0D743E5D-0D5F-4B9B-B2DF-1F607B5031C4}.Publish|Any CPU.Build.0 = Release|Any CPU
		{0D743E5D-0D5F-4B9B-B2DF-1F607B5031C4}.Publish|x86.ActiveCfg = Release|Any CPU
		{0D743E5D-0D5F-4B9B-B2DF-1F607B5031C4}.Publish|x86.Build.0 = Release|Any CPU
		{0D743E5D-0D5F-4B9B-B2DF-1F607B5031C4}.Release|Any CPU.ActiveCfg = Release|Any CPU
		{0D743E5D-0D5F-4B9B-B2DF-1F607B5031C4}.Release|Any CPU.Build.0 = Release|Any CPU
		{0D743E5D-0D5F-4B9B-B2DF-1F607B5031C4}.Release|x86.ActiveCfg = Release|Any CPU
		{0D743E5D-0D5F-4B9B-B2DF-1F607B5031C4}.Release|x86.Build.0 = Release|Any CPU
		{FF39E5C7-BE31-4FE5-A8D4-75D7A070EBF5}.Debug|Any CPU.ActiveCfg = Debug|Any CPU
		{FF39E5C7-BE31-4FE5-A8D4-75D7A070EBF5}.Debug|Any CPU.Build.0 = Debug|Any CPU
		{FF39E5C7-BE31-4FE5-A8D4-75D7A070EBF5}.Debug|x86.ActiveCfg = Debug|Any CPU
		{FF39E5C7-BE31-4FE5-A8D4-75D7A070EBF5}.Debug|x86.Build.0 = Debug|Any CPU
		{FF39E5C7-BE31-4FE5-A8D4-75D7A070EBF5}.Publish|Any CPU.ActiveCfg = Release|Any CPU
		{FF39E5C7-BE31-4FE5-A8D4-75D7A070EBF5}.Publish|Any CPU.Build.0 = Release|Any CPU
		{FF39E5C7-BE31-4FE5-A8D4-75D7A070EBF5}.Publish|x86.ActiveCfg = Release|Any CPU
		{FF39E5C7-BE31-4FE5-A8D4-75D7A070EBF5}.Publish|x86.Build.0 = Release|Any CPU
		{FF39E5C7-BE31-4FE5-A8D4-75D7A070EBF5}.Release|Any CPU.ActiveCfg = Release|Any CPU
		{FF39E5C7-BE31-4FE5-A8D4-75D7A070EBF5}.Release|Any CPU.Build.0 = Release|Any CPU
		{FF39E5C7-BE31-4FE5-A8D4-75D7A070EBF5}.Release|x86.ActiveCfg = Release|Any CPU
		{FF39E5C7-BE31-4FE5-A8D4-75D7A070EBF5}.Release|x86.Build.0 = Release|Any CPU
		{F751890E-70E3-4719-80C6-ABD488FFB6A3}.Debug|Any CPU.ActiveCfg = Debug|Any CPU
		{F751890E-70E3-4719-80C6-ABD488FFB6A3}.Debug|Any CPU.Build.0 = Debug|Any CPU
		{F751890E-70E3-4719-80C6-ABD488FFB6A3}.Debug|x86.ActiveCfg = Debug|Any CPU
		{F751890E-70E3-4719-80C6-ABD488FFB6A3}.Debug|x86.Build.0 = Debug|Any CPU
		{F751890E-70E3-4719-80C6-ABD488FFB6A3}.Publish|Any CPU.ActiveCfg = Release|Any CPU
		{F751890E-70E3-4719-80C6-ABD488FFB6A3}.Publish|Any CPU.Build.0 = Release|Any CPU
		{F751890E-70E3-4719-80C6-ABD488FFB6A3}.Publish|x86.ActiveCfg = Release|Any CPU
		{F751890E-70E3-4719-80C6-ABD488FFB6A3}.Publish|x86.Build.0 = Release|Any CPU
		{F751890E-70E3-4719-80C6-ABD488FFB6A3}.Release|Any CPU.ActiveCfg = Release|Any CPU
		{F751890E-70E3-4719-80C6-ABD488FFB6A3}.Release|Any CPU.Build.0 = Release|Any CPU
		{F751890E-70E3-4719-80C6-ABD488FFB6A3}.Release|x86.ActiveCfg = Release|Any CPU
		{F751890E-70E3-4719-80C6-ABD488FFB6A3}.Release|x86.Build.0 = Release|Any CPU
		{22A5FD1C-9517-4989-9044-9338B440F2C9}.Debug|Any CPU.ActiveCfg = Debug|Any CPU
		{22A5FD1C-9517-4989-9044-9338B440F2C9}.Debug|Any CPU.Build.0 = Debug|Any CPU
		{22A5FD1C-9517-4989-9044-9338B440F2C9}.Debug|x86.ActiveCfg = Debug|Any CPU
		{22A5FD1C-9517-4989-9044-9338B440F2C9}.Debug|x86.Build.0 = Debug|Any CPU
		{22A5FD1C-9517-4989-9044-9338B440F2C9}.Publish|Any CPU.ActiveCfg = Release|Any CPU
		{22A5FD1C-9517-4989-9044-9338B440F2C9}.Publish|Any CPU.Build.0 = Release|Any CPU
		{22A5FD1C-9517-4989-9044-9338B440F2C9}.Publish|x86.ActiveCfg = Release|Any CPU
		{22A5FD1C-9517-4989-9044-9338B440F2C9}.Publish|x86.Build.0 = Release|Any CPU
		{22A5FD1C-9517-4989-9044-9338B440F2C9}.Release|Any CPU.ActiveCfg = Release|Any CPU
		{22A5FD1C-9517-4989-9044-9338B440F2C9}.Release|Any CPU.Build.0 = Release|Any CPU
		{22A5FD1C-9517-4989-9044-9338B440F2C9}.Release|x86.ActiveCfg = Release|Any CPU
		{22A5FD1C-9517-4989-9044-9338B440F2C9}.Release|x86.Build.0 = Release|Any CPU
		{4030F3BD-8F20-483B-B87B-C1BE34DBEBFC}.Debug|Any CPU.ActiveCfg = Debug|Any CPU
		{4030F3BD-8F20-483B-B87B-C1BE34DBEBFC}.Debug|Any CPU.Build.0 = Debug|Any CPU
		{4030F3BD-8F20-483B-B87B-C1BE34DBEBFC}.Debug|x86.ActiveCfg = Debug|Any CPU
		{4030F3BD-8F20-483B-B87B-C1BE34DBEBFC}.Debug|x86.Build.0 = Debug|Any CPU
		{4030F3BD-8F20-483B-B87B-C1BE34DBEBFC}.Publish|Any CPU.ActiveCfg = Release|Any CPU
		{4030F3BD-8F20-483B-B87B-C1BE34DBEBFC}.Publish|Any CPU.Build.0 = Release|Any CPU
		{4030F3BD-8F20-483B-B87B-C1BE34DBEBFC}.Publish|x86.ActiveCfg = Release|Any CPU
		{4030F3BD-8F20-483B-B87B-C1BE34DBEBFC}.Publish|x86.Build.0 = Release|Any CPU
		{4030F3BD-8F20-483B-B87B-C1BE34DBEBFC}.Release|Any CPU.ActiveCfg = Release|Any CPU
		{4030F3BD-8F20-483B-B87B-C1BE34DBEBFC}.Release|Any CPU.Build.0 = Release|Any CPU
		{4030F3BD-8F20-483B-B87B-C1BE34DBEBFC}.Release|x86.ActiveCfg = Release|Any CPU
		{4030F3BD-8F20-483B-B87B-C1BE34DBEBFC}.Release|x86.Build.0 = Release|Any CPU
		{E23E8C6F-6F71-4954-8A42-FBA873B86E5E}.Debug|Any CPU.ActiveCfg = Debug|Any CPU
		{E23E8C6F-6F71-4954-8A42-FBA873B86E5E}.Debug|Any CPU.Build.0 = Debug|Any CPU
		{E23E8C6F-6F71-4954-8A42-FBA873B86E5E}.Debug|x86.ActiveCfg = Debug|Any CPU
		{E23E8C6F-6F71-4954-8A42-FBA873B86E5E}.Debug|x86.Build.0 = Debug|Any CPU
		{E23E8C6F-6F71-4954-8A42-FBA873B86E5E}.Publish|Any CPU.ActiveCfg = Release|Any CPU
		{E23E8C6F-6F71-4954-8A42-FBA873B86E5E}.Publish|Any CPU.Build.0 = Release|Any CPU
		{E23E8C6F-6F71-4954-8A42-FBA873B86E5E}.Publish|x86.ActiveCfg = Release|Any CPU
		{E23E8C6F-6F71-4954-8A42-FBA873B86E5E}.Publish|x86.Build.0 = Release|Any CPU
		{E23E8C6F-6F71-4954-8A42-FBA873B86E5E}.Release|Any CPU.ActiveCfg = Release|Any CPU
		{E23E8C6F-6F71-4954-8A42-FBA873B86E5E}.Release|Any CPU.Build.0 = Release|Any CPU
		{E23E8C6F-6F71-4954-8A42-FBA873B86E5E}.Release|x86.ActiveCfg = Release|Any CPU
		{E23E8C6F-6F71-4954-8A42-FBA873B86E5E}.Release|x86.Build.0 = Release|Any CPU
		{9D1369E0-5232-4B1F-91C7-4404619B6D0A}.Debug|Any CPU.ActiveCfg = Debug|Any CPU
		{9D1369E0-5232-4B1F-91C7-4404619B6D0A}.Debug|Any CPU.Build.0 = Debug|Any CPU
		{9D1369E0-5232-4B1F-91C7-4404619B6D0A}.Debug|x86.ActiveCfg = Debug|Any CPU
		{9D1369E0-5232-4B1F-91C7-4404619B6D0A}.Debug|x86.Build.0 = Debug|Any CPU
		{9D1369E0-5232-4B1F-91C7-4404619B6D0A}.Publish|Any CPU.ActiveCfg = Release|Any CPU
		{9D1369E0-5232-4B1F-91C7-4404619B6D0A}.Publish|Any CPU.Build.0 = Release|Any CPU
		{9D1369E0-5232-4B1F-91C7-4404619B6D0A}.Publish|x86.ActiveCfg = Release|Any CPU
		{9D1369E0-5232-4B1F-91C7-4404619B6D0A}.Publish|x86.Build.0 = Release|Any CPU
		{9D1369E0-5232-4B1F-91C7-4404619B6D0A}.Release|Any CPU.ActiveCfg = Release|Any CPU
		{9D1369E0-5232-4B1F-91C7-4404619B6D0A}.Release|Any CPU.Build.0 = Release|Any CPU
		{9D1369E0-5232-4B1F-91C7-4404619B6D0A}.Release|x86.ActiveCfg = Release|Any CPU
		{9D1369E0-5232-4B1F-91C7-4404619B6D0A}.Release|x86.Build.0 = Release|Any CPU
		{7A29570A-8D35-4B30-9D59-0AE2BDADF88F}.Debug|Any CPU.ActiveCfg = Debug|Any CPU
		{7A29570A-8D35-4B30-9D59-0AE2BDADF88F}.Debug|Any CPU.Build.0 = Debug|Any CPU
		{7A29570A-8D35-4B30-9D59-0AE2BDADF88F}.Debug|x86.ActiveCfg = Debug|Any CPU
		{7A29570A-8D35-4B30-9D59-0AE2BDADF88F}.Debug|x86.Build.0 = Debug|Any CPU
		{7A29570A-8D35-4B30-9D59-0AE2BDADF88F}.Publish|Any CPU.ActiveCfg = Release|Any CPU
		{7A29570A-8D35-4B30-9D59-0AE2BDADF88F}.Publish|Any CPU.Build.0 = Release|Any CPU
		{7A29570A-8D35-4B30-9D59-0AE2BDADF88F}.Publish|x86.ActiveCfg = Release|Any CPU
		{7A29570A-8D35-4B30-9D59-0AE2BDADF88F}.Publish|x86.Build.0 = Release|Any CPU
		{7A29570A-8D35-4B30-9D59-0AE2BDADF88F}.Release|Any CPU.ActiveCfg = Release|Any CPU
		{7A29570A-8D35-4B30-9D59-0AE2BDADF88F}.Release|Any CPU.Build.0 = Release|Any CPU
		{7A29570A-8D35-4B30-9D59-0AE2BDADF88F}.Release|x86.ActiveCfg = Release|Any CPU
		{7A29570A-8D35-4B30-9D59-0AE2BDADF88F}.Release|x86.Build.0 = Release|Any CPU
		{C3E8E5E9-CB59-4F32-80FE-40B4E05B0091}.Debug|Any CPU.ActiveCfg = Debug|Any CPU
		{C3E8E5E9-CB59-4F32-80FE-40B4E05B0091}.Debug|Any CPU.Build.0 = Debug|Any CPU
		{C3E8E5E9-CB59-4F32-80FE-40B4E05B0091}.Debug|x86.ActiveCfg = Debug|Any CPU
		{C3E8E5E9-CB59-4F32-80FE-40B4E05B0091}.Debug|x86.Build.0 = Debug|Any CPU
		{C3E8E5E9-CB59-4F32-80FE-40B4E05B0091}.Publish|Any CPU.ActiveCfg = Release|Any CPU
		{C3E8E5E9-CB59-4F32-80FE-40B4E05B0091}.Publish|Any CPU.Build.0 = Release|Any CPU
		{C3E8E5E9-CB59-4F32-80FE-40B4E05B0091}.Publish|x86.ActiveCfg = Release|Any CPU
		{C3E8E5E9-CB59-4F32-80FE-40B4E05B0091}.Publish|x86.Build.0 = Release|Any CPU
		{C3E8E5E9-CB59-4F32-80FE-40B4E05B0091}.Release|Any CPU.ActiveCfg = Release|Any CPU
		{C3E8E5E9-CB59-4F32-80FE-40B4E05B0091}.Release|Any CPU.Build.0 = Release|Any CPU
		{C3E8E5E9-CB59-4F32-80FE-40B4E05B0091}.Release|x86.ActiveCfg = Release|Any CPU
		{C3E8E5E9-CB59-4F32-80FE-40B4E05B0091}.Release|x86.Build.0 = Release|Any CPU
		{A15C8D9B-5E96-4AC4-9CFF-D9596B7ECAA6}.Debug|Any CPU.ActiveCfg = Debug|Any CPU
		{A15C8D9B-5E96-4AC4-9CFF-D9596B7ECAA6}.Debug|Any CPU.Build.0 = Debug|Any CPU
		{A15C8D9B-5E96-4AC4-9CFF-D9596B7ECAA6}.Debug|x86.ActiveCfg = Debug|Any CPU
		{A15C8D9B-5E96-4AC4-9CFF-D9596B7ECAA6}.Debug|x86.Build.0 = Debug|Any CPU
		{A15C8D9B-5E96-4AC4-9CFF-D9596B7ECAA6}.Publish|Any CPU.ActiveCfg = Release|Any CPU
		{A15C8D9B-5E96-4AC4-9CFF-D9596B7ECAA6}.Publish|Any CPU.Build.0 = Release|Any CPU
		{A15C8D9B-5E96-4AC4-9CFF-D9596B7ECAA6}.Publish|x86.ActiveCfg = Release|Any CPU
		{A15C8D9B-5E96-4AC4-9CFF-D9596B7ECAA6}.Publish|x86.Build.0 = Release|Any CPU
		{A15C8D9B-5E96-4AC4-9CFF-D9596B7ECAA6}.Release|Any CPU.ActiveCfg = Release|Any CPU
		{A15C8D9B-5E96-4AC4-9CFF-D9596B7ECAA6}.Release|Any CPU.Build.0 = Release|Any CPU
		{A15C8D9B-5E96-4AC4-9CFF-D9596B7ECAA6}.Release|x86.ActiveCfg = Release|Any CPU
		{A15C8D9B-5E96-4AC4-9CFF-D9596B7ECAA6}.Release|x86.Build.0 = Release|Any CPU
		{C9A29891-2F05-4D5D-AE93-01826A599082}.Debug|Any CPU.ActiveCfg = Debug|Any CPU
		{C9A29891-2F05-4D5D-AE93-01826A599082}.Debug|Any CPU.Build.0 = Debug|Any CPU
		{C9A29891-2F05-4D5D-AE93-01826A599082}.Debug|x86.ActiveCfg = Debug|Any CPU
		{C9A29891-2F05-4D5D-AE93-01826A599082}.Debug|x86.Build.0 = Debug|Any CPU
		{C9A29891-2F05-4D5D-AE93-01826A599082}.Publish|Any CPU.ActiveCfg = Release|Any CPU
		{C9A29891-2F05-4D5D-AE93-01826A599082}.Publish|Any CPU.Build.0 = Release|Any CPU
		{C9A29891-2F05-4D5D-AE93-01826A599082}.Publish|x86.ActiveCfg = Release|Any CPU
		{C9A29891-2F05-4D5D-AE93-01826A599082}.Publish|x86.Build.0 = Release|Any CPU
		{C9A29891-2F05-4D5D-AE93-01826A599082}.Release|Any CPU.ActiveCfg = Release|Any CPU
		{C9A29891-2F05-4D5D-AE93-01826A599082}.Release|Any CPU.Build.0 = Release|Any CPU
		{C9A29891-2F05-4D5D-AE93-01826A599082}.Release|x86.ActiveCfg = Release|Any CPU
		{C9A29891-2F05-4D5D-AE93-01826A599082}.Release|x86.Build.0 = Release|Any CPU
		{23A045AC-A8D3-4A5B-884B-60D80DF24B8C}.Debug|Any CPU.ActiveCfg = Debug|Any CPU
		{23A045AC-A8D3-4A5B-884B-60D80DF24B8C}.Debug|Any CPU.Build.0 = Debug|Any CPU
		{23A045AC-A8D3-4A5B-884B-60D80DF24B8C}.Debug|x86.ActiveCfg = Debug|Any CPU
		{23A045AC-A8D3-4A5B-884B-60D80DF24B8C}.Debug|x86.Build.0 = Debug|Any CPU
		{23A045AC-A8D3-4A5B-884B-60D80DF24B8C}.Publish|Any CPU.ActiveCfg = Release|Any CPU
		{23A045AC-A8D3-4A5B-884B-60D80DF24B8C}.Publish|Any CPU.Build.0 = Release|Any CPU
		{23A045AC-A8D3-4A5B-884B-60D80DF24B8C}.Publish|x86.ActiveCfg = Release|Any CPU
		{23A045AC-A8D3-4A5B-884B-60D80DF24B8C}.Publish|x86.Build.0 = Release|Any CPU
		{23A045AC-A8D3-4A5B-884B-60D80DF24B8C}.Release|Any CPU.ActiveCfg = Release|Any CPU
		{23A045AC-A8D3-4A5B-884B-60D80DF24B8C}.Release|Any CPU.Build.0 = Release|Any CPU
		{23A045AC-A8D3-4A5B-884B-60D80DF24B8C}.Release|x86.ActiveCfg = Release|Any CPU
		{23A045AC-A8D3-4A5B-884B-60D80DF24B8C}.Release|x86.Build.0 = Release|Any CPU
		{2A34F2E9-77EE-48FE-9315-979980E6FBEB}.Debug|Any CPU.ActiveCfg = Debug|Any CPU
		{2A34F2E9-77EE-48FE-9315-979980E6FBEB}.Debug|Any CPU.Build.0 = Debug|Any CPU
		{2A34F2E9-77EE-48FE-9315-979980E6FBEB}.Debug|x86.ActiveCfg = Debug|Any CPU
		{2A34F2E9-77EE-48FE-9315-979980E6FBEB}.Debug|x86.Build.0 = Debug|Any CPU
		{2A34F2E9-77EE-48FE-9315-979980E6FBEB}.Publish|Any CPU.ActiveCfg = Release|Any CPU
		{2A34F2E9-77EE-48FE-9315-979980E6FBEB}.Publish|Any CPU.Build.0 = Release|Any CPU
		{2A34F2E9-77EE-48FE-9315-979980E6FBEB}.Publish|x86.ActiveCfg = Release|Any CPU
		{2A34F2E9-77EE-48FE-9315-979980E6FBEB}.Publish|x86.Build.0 = Release|Any CPU
		{2A34F2E9-77EE-48FE-9315-979980E6FBEB}.Release|Any CPU.ActiveCfg = Release|Any CPU
		{2A34F2E9-77EE-48FE-9315-979980E6FBEB}.Release|Any CPU.Build.0 = Release|Any CPU
		{2A34F2E9-77EE-48FE-9315-979980E6FBEB}.Release|x86.ActiveCfg = Release|Any CPU
		{2A34F2E9-77EE-48FE-9315-979980E6FBEB}.Release|x86.Build.0 = Release|Any CPU
		{BF0E0718-3E64-4246-A17F-594DCF19EDFC}.Debug|Any CPU.ActiveCfg = Debug|Any CPU
		{BF0E0718-3E64-4246-A17F-594DCF19EDFC}.Debug|Any CPU.Build.0 = Debug|Any CPU
		{BF0E0718-3E64-4246-A17F-594DCF19EDFC}.Debug|x86.ActiveCfg = Debug|Any CPU
		{BF0E0718-3E64-4246-A17F-594DCF19EDFC}.Debug|x86.Build.0 = Debug|Any CPU
		{BF0E0718-3E64-4246-A17F-594DCF19EDFC}.Publish|Any CPU.ActiveCfg = Release|Any CPU
		{BF0E0718-3E64-4246-A17F-594DCF19EDFC}.Publish|Any CPU.Build.0 = Release|Any CPU
		{BF0E0718-3E64-4246-A17F-594DCF19EDFC}.Publish|x86.ActiveCfg = Release|Any CPU
		{BF0E0718-3E64-4246-A17F-594DCF19EDFC}.Publish|x86.Build.0 = Release|Any CPU
		{BF0E0718-3E64-4246-A17F-594DCF19EDFC}.Release|Any CPU.ActiveCfg = Release|Any CPU
		{BF0E0718-3E64-4246-A17F-594DCF19EDFC}.Release|Any CPU.Build.0 = Release|Any CPU
		{BF0E0718-3E64-4246-A17F-594DCF19EDFC}.Release|x86.ActiveCfg = Release|Any CPU
		{BF0E0718-3E64-4246-A17F-594DCF19EDFC}.Release|x86.Build.0 = Release|Any CPU
		{46180263-0BAB-4292-A405-7686A2104F62}.Debug|Any CPU.ActiveCfg = Debug|Any CPU
		{46180263-0BAB-4292-A405-7686A2104F62}.Debug|Any CPU.Build.0 = Debug|Any CPU
		{46180263-0BAB-4292-A405-7686A2104F62}.Debug|x86.ActiveCfg = Debug|Any CPU
		{46180263-0BAB-4292-A405-7686A2104F62}.Debug|x86.Build.0 = Debug|Any CPU
		{46180263-0BAB-4292-A405-7686A2104F62}.Publish|Any CPU.ActiveCfg = Release|Any CPU
		{46180263-0BAB-4292-A405-7686A2104F62}.Publish|Any CPU.Build.0 = Release|Any CPU
		{46180263-0BAB-4292-A405-7686A2104F62}.Publish|x86.ActiveCfg = Release|Any CPU
		{46180263-0BAB-4292-A405-7686A2104F62}.Publish|x86.Build.0 = Release|Any CPU
		{46180263-0BAB-4292-A405-7686A2104F62}.Release|Any CPU.ActiveCfg = Release|Any CPU
		{46180263-0BAB-4292-A405-7686A2104F62}.Release|Any CPU.Build.0 = Release|Any CPU
		{46180263-0BAB-4292-A405-7686A2104F62}.Release|x86.ActiveCfg = Release|Any CPU
		{46180263-0BAB-4292-A405-7686A2104F62}.Release|x86.Build.0 = Release|Any CPU
		{2A0AB830-DD61-403F-819F-23DB682143CB}.Debug|Any CPU.ActiveCfg = Debug|Any CPU
		{2A0AB830-DD61-403F-819F-23DB682143CB}.Debug|Any CPU.Build.0 = Debug|Any CPU
		{2A0AB830-DD61-403F-819F-23DB682143CB}.Debug|x86.ActiveCfg = Debug|Any CPU
		{2A0AB830-DD61-403F-819F-23DB682143CB}.Debug|x86.Build.0 = Debug|Any CPU
		{2A0AB830-DD61-403F-819F-23DB682143CB}.Publish|Any CPU.ActiveCfg = Release|Any CPU
		{2A0AB830-DD61-403F-819F-23DB682143CB}.Publish|Any CPU.Build.0 = Release|Any CPU
		{2A0AB830-DD61-403F-819F-23DB682143CB}.Publish|x86.ActiveCfg = Release|Any CPU
		{2A0AB830-DD61-403F-819F-23DB682143CB}.Publish|x86.Build.0 = Release|Any CPU
		{2A0AB830-DD61-403F-819F-23DB682143CB}.Release|Any CPU.ActiveCfg = Release|Any CPU
		{2A0AB830-DD61-403F-819F-23DB682143CB}.Release|Any CPU.Build.0 = Release|Any CPU
		{2A0AB830-DD61-403F-819F-23DB682143CB}.Release|x86.ActiveCfg = Release|Any CPU
		{2A0AB830-DD61-403F-819F-23DB682143CB}.Release|x86.Build.0 = Release|Any CPU
		{7F795D97-1780-443F-8B2B-38659BD2A57C}.Debug|Any CPU.ActiveCfg = Debug|Any CPU
		{7F795D97-1780-443F-8B2B-38659BD2A57C}.Debug|Any CPU.Build.0 = Debug|Any CPU
		{7F795D97-1780-443F-8B2B-38659BD2A57C}.Debug|x86.ActiveCfg = Debug|Any CPU
		{7F795D97-1780-443F-8B2B-38659BD2A57C}.Debug|x86.Build.0 = Debug|Any CPU
		{7F795D97-1780-443F-8B2B-38659BD2A57C}.Publish|Any CPU.ActiveCfg = Release|Any CPU
		{7F795D97-1780-443F-8B2B-38659BD2A57C}.Publish|Any CPU.Build.0 = Release|Any CPU
		{7F795D97-1780-443F-8B2B-38659BD2A57C}.Publish|x86.ActiveCfg = Release|Any CPU
		{7F795D97-1780-443F-8B2B-38659BD2A57C}.Publish|x86.Build.0 = Release|Any CPU
		{7F795D97-1780-443F-8B2B-38659BD2A57C}.Release|Any CPU.ActiveCfg = Release|Any CPU
		{7F795D97-1780-443F-8B2B-38659BD2A57C}.Release|Any CPU.Build.0 = Release|Any CPU
		{7F795D97-1780-443F-8B2B-38659BD2A57C}.Release|x86.ActiveCfg = Release|Any CPU
		{7F795D97-1780-443F-8B2B-38659BD2A57C}.Release|x86.Build.0 = Release|Any CPU
		{6190D37B-68A2-40FA-A7E9-7AB318FE81E3}.Debug|Any CPU.ActiveCfg = Debug|Any CPU
		{6190D37B-68A2-40FA-A7E9-7AB318FE81E3}.Debug|Any CPU.Build.0 = Debug|Any CPU
		{6190D37B-68A2-40FA-A7E9-7AB318FE81E3}.Debug|x86.ActiveCfg = Debug|Any CPU
		{6190D37B-68A2-40FA-A7E9-7AB318FE81E3}.Debug|x86.Build.0 = Debug|Any CPU
		{6190D37B-68A2-40FA-A7E9-7AB318FE81E3}.Publish|Any CPU.ActiveCfg = Release|Any CPU
		{6190D37B-68A2-40FA-A7E9-7AB318FE81E3}.Publish|Any CPU.Build.0 = Release|Any CPU
		{6190D37B-68A2-40FA-A7E9-7AB318FE81E3}.Publish|x86.ActiveCfg = Release|Any CPU
		{6190D37B-68A2-40FA-A7E9-7AB318FE81E3}.Publish|x86.Build.0 = Release|Any CPU
		{6190D37B-68A2-40FA-A7E9-7AB318FE81E3}.Release|Any CPU.ActiveCfg = Release|Any CPU
		{6190D37B-68A2-40FA-A7E9-7AB318FE81E3}.Release|Any CPU.Build.0 = Release|Any CPU
		{6190D37B-68A2-40FA-A7E9-7AB318FE81E3}.Release|x86.ActiveCfg = Release|Any CPU
		{6190D37B-68A2-40FA-A7E9-7AB318FE81E3}.Release|x86.Build.0 = Release|Any CPU
		{3DCB5D42-3BC9-4D46-8BCF-4D3225C266D5}.Debug|Any CPU.ActiveCfg = Debug|Any CPU
		{3DCB5D42-3BC9-4D46-8BCF-4D3225C266D5}.Debug|Any CPU.Build.0 = Debug|Any CPU
		{3DCB5D42-3BC9-4D46-8BCF-4D3225C266D5}.Debug|x86.ActiveCfg = Debug|Any CPU
		{3DCB5D42-3BC9-4D46-8BCF-4D3225C266D5}.Debug|x86.Build.0 = Debug|Any CPU
		{3DCB5D42-3BC9-4D46-8BCF-4D3225C266D5}.Publish|Any CPU.ActiveCfg = Release|Any CPU
		{3DCB5D42-3BC9-4D46-8BCF-4D3225C266D5}.Publish|Any CPU.Build.0 = Release|Any CPU
		{3DCB5D42-3BC9-4D46-8BCF-4D3225C266D5}.Publish|x86.ActiveCfg = Release|Any CPU
		{3DCB5D42-3BC9-4D46-8BCF-4D3225C266D5}.Publish|x86.Build.0 = Release|Any CPU
		{3DCB5D42-3BC9-4D46-8BCF-4D3225C266D5}.Release|Any CPU.ActiveCfg = Release|Any CPU
		{3DCB5D42-3BC9-4D46-8BCF-4D3225C266D5}.Release|Any CPU.Build.0 = Release|Any CPU
		{3DCB5D42-3BC9-4D46-8BCF-4D3225C266D5}.Release|x86.ActiveCfg = Release|Any CPU
		{3DCB5D42-3BC9-4D46-8BCF-4D3225C266D5}.Release|x86.Build.0 = Release|Any CPU
		{B278BD5A-BA4C-4FD0-BA75-3D141AA6E580}.Debug|Any CPU.ActiveCfg = Debug|Any CPU
		{B278BD5A-BA4C-4FD0-BA75-3D141AA6E580}.Debug|Any CPU.Build.0 = Debug|Any CPU
		{B278BD5A-BA4C-4FD0-BA75-3D141AA6E580}.Debug|x86.ActiveCfg = Debug|Any CPU
		{B278BD5A-BA4C-4FD0-BA75-3D141AA6E580}.Debug|x86.Build.0 = Debug|Any CPU
		{B278BD5A-BA4C-4FD0-BA75-3D141AA6E580}.Publish|Any CPU.ActiveCfg = Release|Any CPU
		{B278BD5A-BA4C-4FD0-BA75-3D141AA6E580}.Publish|Any CPU.Build.0 = Release|Any CPU
		{B278BD5A-BA4C-4FD0-BA75-3D141AA6E580}.Publish|x86.ActiveCfg = Release|Any CPU
		{B278BD5A-BA4C-4FD0-BA75-3D141AA6E580}.Publish|x86.Build.0 = Release|Any CPU
		{B278BD5A-BA4C-4FD0-BA75-3D141AA6E580}.Release|Any CPU.ActiveCfg = Release|Any CPU
		{B278BD5A-BA4C-4FD0-BA75-3D141AA6E580}.Release|Any CPU.Build.0 = Release|Any CPU
		{B278BD5A-BA4C-4FD0-BA75-3D141AA6E580}.Release|x86.ActiveCfg = Release|Any CPU
		{B278BD5A-BA4C-4FD0-BA75-3D141AA6E580}.Release|x86.Build.0 = Release|Any CPU
		{394CF032-5C6E-47F8-9EAF-683C492D8347}.Debug|Any CPU.ActiveCfg = Debug|Any CPU
		{394CF032-5C6E-47F8-9EAF-683C492D8347}.Debug|Any CPU.Build.0 = Debug|Any CPU
		{394CF032-5C6E-47F8-9EAF-683C492D8347}.Debug|x86.ActiveCfg = Debug|Any CPU
		{394CF032-5C6E-47F8-9EAF-683C492D8347}.Debug|x86.Build.0 = Debug|Any CPU
		{394CF032-5C6E-47F8-9EAF-683C492D8347}.Publish|Any CPU.ActiveCfg = Release|Any CPU
		{394CF032-5C6E-47F8-9EAF-683C492D8347}.Publish|Any CPU.Build.0 = Release|Any CPU
		{394CF032-5C6E-47F8-9EAF-683C492D8347}.Publish|x86.ActiveCfg = Release|Any CPU
		{394CF032-5C6E-47F8-9EAF-683C492D8347}.Publish|x86.Build.0 = Release|Any CPU
		{394CF032-5C6E-47F8-9EAF-683C492D8347}.Release|Any CPU.ActiveCfg = Release|Any CPU
		{394CF032-5C6E-47F8-9EAF-683C492D8347}.Release|Any CPU.Build.0 = Release|Any CPU
		{394CF032-5C6E-47F8-9EAF-683C492D8347}.Release|x86.ActiveCfg = Release|Any CPU
		{394CF032-5C6E-47F8-9EAF-683C492D8347}.Release|x86.Build.0 = Release|Any CPU
		{4D60897D-6DD8-430E-972B-0DA3592CCD9B}.Debug|Any CPU.ActiveCfg = Debug|Any CPU
		{4D60897D-6DD8-430E-972B-0DA3592CCD9B}.Debug|Any CPU.Build.0 = Debug|Any CPU
		{4D60897D-6DD8-430E-972B-0DA3592CCD9B}.Debug|x86.ActiveCfg = Debug|Any CPU
		{4D60897D-6DD8-430E-972B-0DA3592CCD9B}.Debug|x86.Build.0 = Debug|Any CPU
		{4D60897D-6DD8-430E-972B-0DA3592CCD9B}.Publish|Any CPU.ActiveCfg = Release|Any CPU
		{4D60897D-6DD8-430E-972B-0DA3592CCD9B}.Publish|Any CPU.Build.0 = Release|Any CPU
		{4D60897D-6DD8-430E-972B-0DA3592CCD9B}.Publish|x86.ActiveCfg = Release|Any CPU
		{4D60897D-6DD8-430E-972B-0DA3592CCD9B}.Publish|x86.Build.0 = Release|Any CPU
		{4D60897D-6DD8-430E-972B-0DA3592CCD9B}.Release|Any CPU.ActiveCfg = Release|Any CPU
		{4D60897D-6DD8-430E-972B-0DA3592CCD9B}.Release|Any CPU.Build.0 = Release|Any CPU
		{4D60897D-6DD8-430E-972B-0DA3592CCD9B}.Release|x86.ActiveCfg = Release|Any CPU
		{4D60897D-6DD8-430E-972B-0DA3592CCD9B}.Release|x86.Build.0 = Release|Any CPU
		{09DF5A9A-989E-410C-BA72-5A94CF481E57}.Debug|Any CPU.ActiveCfg = Debug|Any CPU
		{09DF5A9A-989E-410C-BA72-5A94CF481E57}.Debug|Any CPU.Build.0 = Debug|Any CPU
		{09DF5A9A-989E-410C-BA72-5A94CF481E57}.Debug|x86.ActiveCfg = Debug|Any CPU
		{09DF5A9A-989E-410C-BA72-5A94CF481E57}.Debug|x86.Build.0 = Debug|Any CPU
		{09DF5A9A-989E-410C-BA72-5A94CF481E57}.Publish|Any CPU.ActiveCfg = Release|Any CPU
		{09DF5A9A-989E-410C-BA72-5A94CF481E57}.Publish|Any CPU.Build.0 = Release|Any CPU
		{09DF5A9A-989E-410C-BA72-5A94CF481E57}.Publish|x86.ActiveCfg = Release|Any CPU
		{09DF5A9A-989E-410C-BA72-5A94CF481E57}.Publish|x86.Build.0 = Release|Any CPU
		{09DF5A9A-989E-410C-BA72-5A94CF481E57}.Release|Any CPU.ActiveCfg = Release|Any CPU
		{09DF5A9A-989E-410C-BA72-5A94CF481E57}.Release|Any CPU.Build.0 = Release|Any CPU
		{09DF5A9A-989E-410C-BA72-5A94CF481E57}.Release|x86.ActiveCfg = Release|Any CPU
		{09DF5A9A-989E-410C-BA72-5A94CF481E57}.Release|x86.Build.0 = Release|Any CPU
		{9C3372D3-D5E1-4D95-A0CB-CD8FDAB3131D}.Debug|Any CPU.ActiveCfg = Debug|Any CPU
		{9C3372D3-D5E1-4D95-A0CB-CD8FDAB3131D}.Debug|Any CPU.Build.0 = Debug|Any CPU
		{9C3372D3-D5E1-4D95-A0CB-CD8FDAB3131D}.Debug|x86.ActiveCfg = Debug|Any CPU
		{9C3372D3-D5E1-4D95-A0CB-CD8FDAB3131D}.Debug|x86.Build.0 = Debug|Any CPU
		{9C3372D3-D5E1-4D95-A0CB-CD8FDAB3131D}.Publish|Any CPU.ActiveCfg = Release|Any CPU
		{9C3372D3-D5E1-4D95-A0CB-CD8FDAB3131D}.Publish|Any CPU.Build.0 = Release|Any CPU
		{9C3372D3-D5E1-4D95-A0CB-CD8FDAB3131D}.Publish|x86.ActiveCfg = Release|Any CPU
		{9C3372D3-D5E1-4D95-A0CB-CD8FDAB3131D}.Publish|x86.Build.0 = Release|Any CPU
		{9C3372D3-D5E1-4D95-A0CB-CD8FDAB3131D}.Release|Any CPU.ActiveCfg = Release|Any CPU
		{9C3372D3-D5E1-4D95-A0CB-CD8FDAB3131D}.Release|Any CPU.Build.0 = Release|Any CPU
		{9C3372D3-D5E1-4D95-A0CB-CD8FDAB3131D}.Release|x86.ActiveCfg = Release|Any CPU
		{9C3372D3-D5E1-4D95-A0CB-CD8FDAB3131D}.Release|x86.Build.0 = Release|Any CPU
		{8A420D43-C212-4981-8DF1-EED79FDEA1CF}.Debug|Any CPU.ActiveCfg = Debug|Any CPU
		{8A420D43-C212-4981-8DF1-EED79FDEA1CF}.Debug|Any CPU.Build.0 = Debug|Any CPU
		{8A420D43-C212-4981-8DF1-EED79FDEA1CF}.Debug|x86.ActiveCfg = Debug|Any CPU
		{8A420D43-C212-4981-8DF1-EED79FDEA1CF}.Debug|x86.Build.0 = Debug|Any CPU
		{8A420D43-C212-4981-8DF1-EED79FDEA1CF}.Publish|Any CPU.ActiveCfg = Release|Any CPU
		{8A420D43-C212-4981-8DF1-EED79FDEA1CF}.Publish|Any CPU.Build.0 = Release|Any CPU
		{8A420D43-C212-4981-8DF1-EED79FDEA1CF}.Publish|x86.ActiveCfg = Release|Any CPU
		{8A420D43-C212-4981-8DF1-EED79FDEA1CF}.Publish|x86.Build.0 = Release|Any CPU
		{8A420D43-C212-4981-8DF1-EED79FDEA1CF}.Release|Any CPU.ActiveCfg = Release|Any CPU
		{8A420D43-C212-4981-8DF1-EED79FDEA1CF}.Release|Any CPU.Build.0 = Release|Any CPU
		{8A420D43-C212-4981-8DF1-EED79FDEA1CF}.Release|x86.ActiveCfg = Release|Any CPU
		{8A420D43-C212-4981-8DF1-EED79FDEA1CF}.Release|x86.Build.0 = Release|Any CPU
		{6AE72A9E-2F67-4F4D-8D63-7E617F15FBD3}.Debug|Any CPU.ActiveCfg = Debug|Any CPU
		{6AE72A9E-2F67-4F4D-8D63-7E617F15FBD3}.Debug|Any CPU.Build.0 = Debug|Any CPU
		{6AE72A9E-2F67-4F4D-8D63-7E617F15FBD3}.Debug|x86.ActiveCfg = Debug|Any CPU
		{6AE72A9E-2F67-4F4D-8D63-7E617F15FBD3}.Debug|x86.Build.0 = Debug|Any CPU
		{6AE72A9E-2F67-4F4D-8D63-7E617F15FBD3}.Publish|Any CPU.ActiveCfg = Release|Any CPU
		{6AE72A9E-2F67-4F4D-8D63-7E617F15FBD3}.Publish|Any CPU.Build.0 = Release|Any CPU
		{6AE72A9E-2F67-4F4D-8D63-7E617F15FBD3}.Publish|x86.ActiveCfg = Release|Any CPU
		{6AE72A9E-2F67-4F4D-8D63-7E617F15FBD3}.Publish|x86.Build.0 = Release|Any CPU
		{6AE72A9E-2F67-4F4D-8D63-7E617F15FBD3}.Release|Any CPU.ActiveCfg = Release|Any CPU
		{6AE72A9E-2F67-4F4D-8D63-7E617F15FBD3}.Release|Any CPU.Build.0 = Release|Any CPU
		{6AE72A9E-2F67-4F4D-8D63-7E617F15FBD3}.Release|x86.ActiveCfg = Release|Any CPU
		{6AE72A9E-2F67-4F4D-8D63-7E617F15FBD3}.Release|x86.Build.0 = Release|Any CPU
		{93F3F44C-C74B-474E-B5D0-58C02D786133}.Debug|Any CPU.ActiveCfg = Debug|Any CPU
		{93F3F44C-C74B-474E-B5D0-58C02D786133}.Debug|Any CPU.Build.0 = Debug|Any CPU
		{93F3F44C-C74B-474E-B5D0-58C02D786133}.Debug|x86.ActiveCfg = Debug|Any CPU
		{93F3F44C-C74B-474E-B5D0-58C02D786133}.Debug|x86.Build.0 = Debug|Any CPU
		{93F3F44C-C74B-474E-B5D0-58C02D786133}.Publish|Any CPU.ActiveCfg = Publish|Any CPU
		{93F3F44C-C74B-474E-B5D0-58C02D786133}.Publish|Any CPU.Build.0 = Publish|Any CPU
		{93F3F44C-C74B-474E-B5D0-58C02D786133}.Publish|x86.ActiveCfg = Publish|Any CPU
		{93F3F44C-C74B-474E-B5D0-58C02D786133}.Publish|x86.Build.0 = Publish|Any CPU
		{93F3F44C-C74B-474E-B5D0-58C02D786133}.Release|Any CPU.ActiveCfg = Release|Any CPU
		{93F3F44C-C74B-474E-B5D0-58C02D786133}.Release|Any CPU.Build.0 = Release|Any CPU
		{93F3F44C-C74B-474E-B5D0-58C02D786133}.Release|x86.ActiveCfg = Release|Any CPU
		{93F3F44C-C74B-474E-B5D0-58C02D786133}.Release|x86.Build.0 = Release|Any CPU
		{EDAB83B6-1C32-401F-B241-B065156CBBA9}.Debug|Any CPU.ActiveCfg = Debug|Any CPU
		{EDAB83B6-1C32-401F-B241-B065156CBBA9}.Debug|Any CPU.Build.0 = Debug|Any CPU
		{EDAB83B6-1C32-401F-B241-B065156CBBA9}.Debug|x86.ActiveCfg = Debug|Any CPU
		{EDAB83B6-1C32-401F-B241-B065156CBBA9}.Debug|x86.Build.0 = Debug|Any CPU
		{EDAB83B6-1C32-401F-B241-B065156CBBA9}.Publish|Any CPU.ActiveCfg = Release|Any CPU
		{EDAB83B6-1C32-401F-B241-B065156CBBA9}.Publish|Any CPU.Build.0 = Release|Any CPU
		{EDAB83B6-1C32-401F-B241-B065156CBBA9}.Publish|x86.ActiveCfg = Release|Any CPU
		{EDAB83B6-1C32-401F-B241-B065156CBBA9}.Publish|x86.Build.0 = Release|Any CPU
		{EDAB83B6-1C32-401F-B241-B065156CBBA9}.Release|Any CPU.ActiveCfg = Release|Any CPU
		{EDAB83B6-1C32-401F-B241-B065156CBBA9}.Release|Any CPU.Build.0 = Release|Any CPU
		{EDAB83B6-1C32-401F-B241-B065156CBBA9}.Release|x86.ActiveCfg = Release|Any CPU
		{EDAB83B6-1C32-401F-B241-B065156CBBA9}.Release|x86.Build.0 = Release|Any CPU
		{AF618573-17DF-46CB-9279-1DD55FBD3132}.Debug|Any CPU.ActiveCfg = Debug|Any CPU
		{AF618573-17DF-46CB-9279-1DD55FBD3132}.Debug|Any CPU.Build.0 = Debug|Any CPU
		{AF618573-17DF-46CB-9279-1DD55FBD3132}.Debug|x86.ActiveCfg = Debug|Any CPU
		{AF618573-17DF-46CB-9279-1DD55FBD3132}.Debug|x86.Build.0 = Debug|Any CPU
		{AF618573-17DF-46CB-9279-1DD55FBD3132}.Publish|Any CPU.ActiveCfg = Release|Any CPU
		{AF618573-17DF-46CB-9279-1DD55FBD3132}.Publish|Any CPU.Build.0 = Release|Any CPU
		{AF618573-17DF-46CB-9279-1DD55FBD3132}.Publish|x86.ActiveCfg = Release|Any CPU
		{AF618573-17DF-46CB-9279-1DD55FBD3132}.Publish|x86.Build.0 = Release|Any CPU
		{AF618573-17DF-46CB-9279-1DD55FBD3132}.Release|Any CPU.ActiveCfg = Release|Any CPU
		{AF618573-17DF-46CB-9279-1DD55FBD3132}.Release|Any CPU.Build.0 = Release|Any CPU
		{AF618573-17DF-46CB-9279-1DD55FBD3132}.Release|x86.ActiveCfg = Release|Any CPU
		{AF618573-17DF-46CB-9279-1DD55FBD3132}.Release|x86.Build.0 = Release|Any CPU
		{E82D2B7B-F79B-4F96-91EA-187C80104E0B}.Debug|Any CPU.ActiveCfg = Debug|Any CPU
		{E82D2B7B-F79B-4F96-91EA-187C80104E0B}.Debug|Any CPU.Build.0 = Debug|Any CPU
		{E82D2B7B-F79B-4F96-91EA-187C80104E0B}.Debug|x86.ActiveCfg = Debug|Any CPU
		{E82D2B7B-F79B-4F96-91EA-187C80104E0B}.Debug|x86.Build.0 = Debug|Any CPU
		{E82D2B7B-F79B-4F96-91EA-187C80104E0B}.Publish|Any CPU.ActiveCfg = Release|Any CPU
		{E82D2B7B-F79B-4F96-91EA-187C80104E0B}.Publish|Any CPU.Build.0 = Release|Any CPU
		{E82D2B7B-F79B-4F96-91EA-187C80104E0B}.Publish|x86.ActiveCfg = Release|Any CPU
		{E82D2B7B-F79B-4F96-91EA-187C80104E0B}.Publish|x86.Build.0 = Release|Any CPU
		{E82D2B7B-F79B-4F96-91EA-187C80104E0B}.Release|Any CPU.ActiveCfg = Release|Any CPU
		{E82D2B7B-F79B-4F96-91EA-187C80104E0B}.Release|Any CPU.Build.0 = Release|Any CPU
		{E82D2B7B-F79B-4F96-91EA-187C80104E0B}.Release|x86.ActiveCfg = Release|Any CPU
		{E82D2B7B-F79B-4F96-91EA-187C80104E0B}.Release|x86.Build.0 = Release|Any CPU
		{8D7E5EB0-C382-4287-837F-7A41A9D6915B}.Debug|Any CPU.ActiveCfg = Debug|Any CPU
		{8D7E5EB0-C382-4287-837F-7A41A9D6915B}.Debug|Any CPU.Build.0 = Debug|Any CPU
		{8D7E5EB0-C382-4287-837F-7A41A9D6915B}.Debug|x86.ActiveCfg = Debug|Any CPU
		{8D7E5EB0-C382-4287-837F-7A41A9D6915B}.Debug|x86.Build.0 = Debug|Any CPU
		{8D7E5EB0-C382-4287-837F-7A41A9D6915B}.Publish|Any CPU.ActiveCfg = Release|Any CPU
		{8D7E5EB0-C382-4287-837F-7A41A9D6915B}.Publish|Any CPU.Build.0 = Release|Any CPU
		{8D7E5EB0-C382-4287-837F-7A41A9D6915B}.Publish|x86.ActiveCfg = Release|Any CPU
		{8D7E5EB0-C382-4287-837F-7A41A9D6915B}.Publish|x86.Build.0 = Release|Any CPU
		{8D7E5EB0-C382-4287-837F-7A41A9D6915B}.Release|Any CPU.ActiveCfg = Release|Any CPU
		{8D7E5EB0-C382-4287-837F-7A41A9D6915B}.Release|Any CPU.Build.0 = Release|Any CPU
		{8D7E5EB0-C382-4287-837F-7A41A9D6915B}.Release|x86.ActiveCfg = Release|Any CPU
		{8D7E5EB0-C382-4287-837F-7A41A9D6915B}.Release|x86.Build.0 = Release|Any CPU
		{8F4DBB31-EDC7-4843-B4D6-E76CC45D2BB6}.Debug|Any CPU.ActiveCfg = Debug|Any CPU
		{8F4DBB31-EDC7-4843-B4D6-E76CC45D2BB6}.Debug|Any CPU.Build.0 = Debug|Any CPU
		{8F4DBB31-EDC7-4843-B4D6-E76CC45D2BB6}.Debug|x86.ActiveCfg = Debug|Any CPU
		{8F4DBB31-EDC7-4843-B4D6-E76CC45D2BB6}.Debug|x86.Build.0 = Debug|Any CPU
		{8F4DBB31-EDC7-4843-B4D6-E76CC45D2BB6}.Publish|Any CPU.ActiveCfg = Release|Any CPU
		{8F4DBB31-EDC7-4843-B4D6-E76CC45D2BB6}.Publish|Any CPU.Build.0 = Release|Any CPU
		{8F4DBB31-EDC7-4843-B4D6-E76CC45D2BB6}.Publish|x86.ActiveCfg = Release|Any CPU
		{8F4DBB31-EDC7-4843-B4D6-E76CC45D2BB6}.Publish|x86.Build.0 = Release|Any CPU
		{8F4DBB31-EDC7-4843-B4D6-E76CC45D2BB6}.Release|Any CPU.ActiveCfg = Release|Any CPU
		{8F4DBB31-EDC7-4843-B4D6-E76CC45D2BB6}.Release|Any CPU.Build.0 = Release|Any CPU
		{8F4DBB31-EDC7-4843-B4D6-E76CC45D2BB6}.Release|x86.ActiveCfg = Release|Any CPU
		{8F4DBB31-EDC7-4843-B4D6-E76CC45D2BB6}.Release|x86.Build.0 = Release|Any CPU
		{69D75580-F63E-4E46-9E0D-F4171029A2FD}.Debug|Any CPU.ActiveCfg = Debug|Any CPU
		{69D75580-F63E-4E46-9E0D-F4171029A2FD}.Debug|Any CPU.Build.0 = Debug|Any CPU
		{69D75580-F63E-4E46-9E0D-F4171029A2FD}.Debug|x86.ActiveCfg = Debug|Any CPU
		{69D75580-F63E-4E46-9E0D-F4171029A2FD}.Debug|x86.Build.0 = Debug|Any CPU
		{69D75580-F63E-4E46-9E0D-F4171029A2FD}.Publish|Any CPU.ActiveCfg = Release|Any CPU
		{69D75580-F63E-4E46-9E0D-F4171029A2FD}.Publish|Any CPU.Build.0 = Release|Any CPU
		{69D75580-F63E-4E46-9E0D-F4171029A2FD}.Publish|x86.ActiveCfg = Release|Any CPU
		{69D75580-F63E-4E46-9E0D-F4171029A2FD}.Publish|x86.Build.0 = Release|Any CPU
		{69D75580-F63E-4E46-9E0D-F4171029A2FD}.Release|Any CPU.ActiveCfg = Release|Any CPU
		{69D75580-F63E-4E46-9E0D-F4171029A2FD}.Release|Any CPU.Build.0 = Release|Any CPU
		{69D75580-F63E-4E46-9E0D-F4171029A2FD}.Release|x86.ActiveCfg = Release|Any CPU
		{69D75580-F63E-4E46-9E0D-F4171029A2FD}.Release|x86.Build.0 = Release|Any CPU
		{F07D69A2-8847-4ADE-B9C6-05345CC8ED5B}.Debug|Any CPU.ActiveCfg = Debug|Any CPU
		{F07D69A2-8847-4ADE-B9C6-05345CC8ED5B}.Debug|Any CPU.Build.0 = Debug|Any CPU
		{F07D69A2-8847-4ADE-B9C6-05345CC8ED5B}.Debug|x86.ActiveCfg = Debug|Any CPU
		{F07D69A2-8847-4ADE-B9C6-05345CC8ED5B}.Debug|x86.Build.0 = Debug|Any CPU
		{F07D69A2-8847-4ADE-B9C6-05345CC8ED5B}.Publish|Any CPU.ActiveCfg = Release|Any CPU
		{F07D69A2-8847-4ADE-B9C6-05345CC8ED5B}.Publish|Any CPU.Build.0 = Release|Any CPU
		{F07D69A2-8847-4ADE-B9C6-05345CC8ED5B}.Publish|x86.ActiveCfg = Release|Any CPU
		{F07D69A2-8847-4ADE-B9C6-05345CC8ED5B}.Publish|x86.Build.0 = Release|Any CPU
		{F07D69A2-8847-4ADE-B9C6-05345CC8ED5B}.Release|Any CPU.ActiveCfg = Release|Any CPU
		{F07D69A2-8847-4ADE-B9C6-05345CC8ED5B}.Release|Any CPU.Build.0 = Release|Any CPU
		{F07D69A2-8847-4ADE-B9C6-05345CC8ED5B}.Release|x86.ActiveCfg = Release|Any CPU
		{F07D69A2-8847-4ADE-B9C6-05345CC8ED5B}.Release|x86.Build.0 = Release|Any CPU
		{A4A94408-2A1A-48FD-972D-023B98A1B8C8}.Debug|Any CPU.ActiveCfg = Debug|Any CPU
		{A4A94408-2A1A-48FD-972D-023B98A1B8C8}.Debug|Any CPU.Build.0 = Debug|Any CPU
		{A4A94408-2A1A-48FD-972D-023B98A1B8C8}.Debug|x86.ActiveCfg = Debug|Any CPU
		{A4A94408-2A1A-48FD-972D-023B98A1B8C8}.Debug|x86.Build.0 = Debug|Any CPU
		{A4A94408-2A1A-48FD-972D-023B98A1B8C8}.Publish|Any CPU.ActiveCfg = Release|Any CPU
		{A4A94408-2A1A-48FD-972D-023B98A1B8C8}.Publish|Any CPU.Build.0 = Release|Any CPU
		{A4A94408-2A1A-48FD-972D-023B98A1B8C8}.Publish|x86.ActiveCfg = Release|Any CPU
		{A4A94408-2A1A-48FD-972D-023B98A1B8C8}.Publish|x86.Build.0 = Release|Any CPU
		{A4A94408-2A1A-48FD-972D-023B98A1B8C8}.Release|Any CPU.ActiveCfg = Release|Any CPU
		{A4A94408-2A1A-48FD-972D-023B98A1B8C8}.Release|Any CPU.Build.0 = Release|Any CPU
		{A4A94408-2A1A-48FD-972D-023B98A1B8C8}.Release|x86.ActiveCfg = Release|Any CPU
		{A4A94408-2A1A-48FD-972D-023B98A1B8C8}.Release|x86.Build.0 = Release|Any CPU
	EndGlobalSection
	GlobalSection(SolutionProperties) = preSolution
		HideSolutionNode = FALSE
	EndGlobalSection
	GlobalSection(NestedProjects) = preSolution
		{C9216360-62CA-47F7-BA64-9459EEB73453} = {0075A61F-BA9D-46E2-94D6-31016B6F212E}
		{72F3D63D-5F39-43C2-A40E-FCCE428ED52C} = {0075A61F-BA9D-46E2-94D6-31016B6F212E}
		{6809009E-DEEE-4ED4-8968-925D044A8895} = {0075A61F-BA9D-46E2-94D6-31016B6F212E}
		{2BD0B8DB-D97D-4A1D-BE32-70FB6346F9CB} = {0075A61F-BA9D-46E2-94D6-31016B6F212E}
		{693253FC-644F-4B3E-BFD4-99162622CEDE} = {16B06867-38E8-4878-B1D9-2E12EBCC7E5D}
		{E1CC23CC-242A-4882-9817-73BC68052919} = {0AE7EE86-2F80-46DB-B1DB-4D526FF64069}
		{D50E83CB-C699-4051-BDD2-346772C194EC} = {0075A61F-BA9D-46E2-94D6-31016B6F212E}
		{2D2C8E81-A36A-4FC3-8714-DDD0B9FA69E0} = {16B06867-38E8-4878-B1D9-2E12EBCC7E5D}
		{7A29570A-8D35-4B30-9D59-0AE2BDADF88F} = {0075A61F-BA9D-46E2-94D6-31016B6F212E}
		{C3E8E5E9-CB59-4F32-80FE-40B4E05B0091} = {0075A61F-BA9D-46E2-94D6-31016B6F212E}
		{A15C8D9B-5E96-4AC4-9CFF-D9596B7ECAA6} = {0075A61F-BA9D-46E2-94D6-31016B6F212E}
		{C9A29891-2F05-4D5D-AE93-01826A599082} = {257A13B4-D3A1-4B6B-A2D1-B53676585D8D}
		{23A045AC-A8D3-4A5B-884B-60D80DF24B8C} = {257A13B4-D3A1-4B6B-A2D1-B53676585D8D}
		{2A34F2E9-77EE-48FE-9315-979980E6FBEB} = {16B06867-38E8-4878-B1D9-2E12EBCC7E5D}
		{46180263-0BAB-4292-A405-7686A2104F62} = {0075A61F-BA9D-46E2-94D6-31016B6F212E}
		{2A0AB830-DD61-403F-819F-23DB682143CB} = {257A13B4-D3A1-4B6B-A2D1-B53676585D8D}
		{7F795D97-1780-443F-8B2B-38659BD2A57C} = {0075A61F-BA9D-46E2-94D6-31016B6F212E}
		{6190D37B-68A2-40FA-A7E9-7AB318FE81E3} = {0075A61F-BA9D-46E2-94D6-31016B6F212E}
		{3DCB5D42-3BC9-4D46-8BCF-4D3225C266D5} = {16B06867-38E8-4878-B1D9-2E12EBCC7E5D}
		{B278BD5A-BA4C-4FD0-BA75-3D141AA6E580} = {257A13B4-D3A1-4B6B-A2D1-B53676585D8D}
		{394CF032-5C6E-47F8-9EAF-683C492D8347} = {A370781A-270C-45AF-AE02-19C23E2D1433}
		{4D60897D-6DD8-430E-972B-0DA3592CCD9B} = {A370781A-270C-45AF-AE02-19C23E2D1433}
		{09DF5A9A-989E-410C-BA72-5A94CF481E57} = {5228B6C6-4349-4E74-84B3-55A802D5AAD1}
		{9C3372D3-D5E1-4D95-A0CB-CD8FDAB3131D} = {5228B6C6-4349-4E74-84B3-55A802D5AAD1}
		{AF618573-17DF-46CB-9279-1DD55FBD3132} = {5228B6C6-4349-4E74-84B3-55A802D5AAD1}
		{E82D2B7B-F79B-4F96-91EA-187C80104E0B} = {257A13B4-D3A1-4B6B-A2D1-B53676585D8D}
		{8F4DBB31-EDC7-4843-B4D6-E76CC45D2BB6} = {257A13B4-D3A1-4B6B-A2D1-B53676585D8D}
		{69D75580-F63E-4E46-9E0D-F4171029A2FD} = {0AE7EE86-2F80-46DB-B1DB-4D526FF64069}
		{F07D69A2-8847-4ADE-B9C6-05345CC8ED5B} = {5228B6C6-4349-4E74-84B3-55A802D5AAD1}
		{A4A94408-2A1A-48FD-972D-023B98A1B8C8} = {257A13B4-D3A1-4B6B-A2D1-B53676585D8D}
	EndGlobalSection
	GlobalSection(ExtensibilityGlobals) = postSolution
		SolutionGuid = {92E74EB9-796C-41F4-BDE9-051A664B673E}
	EndGlobalSection
EndGlobal
